
Microsoft Visual Studio Solution File, Format Version 12.00
# Visual Studio Version 17
VisualStudioVersion = 17.0.31903.59
MinimumVisualStudioVersion = 10.0.40219.1
Project("{FAE04EC0-301F-11D3-BF4B-00C04F79EFBC}") = "AppPrincipal", "AppPrincipal\AppPrincipal.csproj", "{693A90D7-5257-4ADE-BD2D-2A5A6AD96F47}"
EndProject
Project("{2150E333-8FDC-42A3-9474-1A3956D46DE8}") = "AppPrincipal.tests", "AppPrincipal.tests", "{991E366C-FB9E-D666-0EC0-E113C5159839}"
EndProject
Project("{FAE04EC0-301F-11D3-BF4B-00C04F79EFBC}") = "AppPrincipal.Tests", "AppPrincipal.tests\AppPrincipal.Tests.csproj", "{E15142AA-2672-4974-9B4B-A772478BA587}"
EndProject
Global
	GlobalSection(SolutionConfigurationPlatforms) = preSolution
		Debug|Any CPU = Debug|Any CPU
		Debug|x64 = Debug|x64
		Debug|x86 = Debug|x86
		Release|Any CPU = Release|Any CPU
		Release|x64 = Release|x64
		Release|x86 = Release|x86
	EndGlobalSection
	GlobalSection(ProjectConfigurationPlatforms) = postSolution
		{693A90D7-5257-4ADE-BD2D-2A5A6AD96F47}.Debug|Any CPU.ActiveCfg = Debug|Any CPU
		{693A90D7-5257-4ADE-BD2D-2A5A6AD96F47}.Debug|Any CPU.Build.0 = Debug|Any CPU
		{693A90D7-5257-4ADE-BD2D-2A5A6AD96F47}.Debug|x64.ActiveCfg = Debug|Any CPU
		{693A90D7-5257-4ADE-BD2D-2A5A6AD96F47}.Debug|x64.Build.0 = Debug|Any CPU
		{693A90D7-5257-4ADE-BD2D-2A5A6AD96F47}.Debug|x86.ActiveCfg = Debug|Any CPU
		{693A90D7-5257-4ADE-BD2D-2A5A6AD96F47}.Debug|x86.Build.0 = Debug|Any CPU
		{693A90D7-5257-4ADE-BD2D-2A5A6AD96F47}.Release|Any CPU.ActiveCfg = Release|Any CPU
		{693A90D7-5257-4ADE-BD2D-2A5A6AD96F47}.Release|Any CPU.Build.0 = Release|Any CPU
		{693A90D7-5257-4ADE-BD2D-2A5A6AD96F47}.Release|x64.ActiveCfg = Release|Any CPU
		{693A90D7-5257-4ADE-BD2D-2A5A6AD96F47}.Release|x64.Build.0 = Release|Any CPU
		{693A90D7-5257-4ADE-BD2D-2A5A6AD96F47}.Release|x86.ActiveCfg = Release|Any CPU
		{693A90D7-5257-4ADE-BD2D-2A5A6AD96F47}.Release|x86.Build.0 = Release|Any CPU
		{E15142AA-2672-4974-9B4B-A772478BA587}.Debug|Any CPU.ActiveCfg = Debug|Any CPU
		{E15142AA-2672-4974-9B4B-A772478BA587}.Debug|Any CPU.Build.0 = Debug|Any CPU
		{E15142AA-2672-4974-9B4B-A772478BA587}.Debug|x64.ActiveCfg = Debug|Any CPU
		{E15142AA-2672-4974-9B4B-A772478BA587}.Debug|x64.Build.0 = Debug|Any CPU
		{E15142AA-2672-4974-9B4B-A772478BA587}.Debug|x86.ActiveCfg = Debug|Any CPU
		{E15142AA-2672-4974-9B4B-A772478BA587}.Debug|x86.Build.0 = Debug|Any CPU
		{E15142AA-2672-4974-9B4B-A772478BA587}.Release|Any CPU.ActiveCfg = Release|Any CPU
		{E15142AA-2672-4974-9B4B-A772478BA587}.Release|Any CPU.Build.0 = Release|Any CPU
		{E15142AA-2672-4974-9B4B-A772478BA587}.Release|x64.ActiveCfg = Release|Any CPU
		{E15142AA-2672-4974-9B4B-A772478BA587}.Release|x64.Build.0 = Release|Any CPU
		{E15142AA-2672-4974-9B4B-A772478BA587}.Release|x86.ActiveCfg = Release|Any CPU
		{E15142AA-2672-4974-9B4B-A772478BA587}.Release|x86.Build.0 = Release|Any CPU
	EndGlobalSection
	GlobalSection(SolutionProperties) = preSolution
		HideSolutionNode = FALSE
	EndGlobalSection
	GlobalSection(NestedProjects) = preSolution
		{E15142AA-2672-4974-9B4B-A772478BA587} = {991E366C-FB9E-D666-0EC0-E113C5159839}
	EndGlobalSection
EndGlobal
